
Microsoft Visual Studio Solution File, Format Version 12.00
# Visual Studio Version 17
VisualStudioVersion = 17.0.31903.59
MinimumVisualStudioVersion = 10.0.40219.1
Project("{FAE04EC0-301F-11D3-BF4B-00C04F79EFBC}") = "TaskTracker.Api", "TaskTracker.Api\TaskTracker.Api.csproj", "{5995284D-A996-45D4-8932-45968072AD31}"
EndProject
Project("{FAE04EC0-301F-11D3-BF4B-00C04F79EFBC}") = "TaskTracker.Worker", "TaskTracker.Worker\TaskTracker.Worker.csproj", "{5F8EA7ED-EABA-47BD-A64A-E1B7BCAE86B6}"
EndProject
Project("{FAE04EC0-301F-11D3-BF4B-00C04F79EFBC}") = "TaskTracker.Domain", "TaskTracker.Domain\TaskTracker.Domain.csproj", "{C70931C9-92C7-4296-BED1-C2DD1A75D92D}"
EndProject
Project("{FAE04EC0-301F-11D3-BF4B-00C04F79EFBC}") = "TaskTracker.Infrastructure", "TaskTracker.Infrastructure\TaskTracker.Infrastructure.csproj", "{5CF34155-2B8B-4E17-95C9-FF60FD6565A5}"
EndProject
Global
	GlobalSection(SolutionConfigurationPlatforms) = preSolution
		Debug|Any CPU = Debug|Any CPU
		Debug|x64 = Debug|x64
		Debug|x86 = Debug|x86
		Release|Any CPU = Release|Any CPU
		Release|x64 = Release|x64
		Release|x86 = Release|x86
	EndGlobalSection
	GlobalSection(ProjectConfigurationPlatforms) = postSolution
		{5995284D-A996-45D4-8932-45968072AD31}.Debug|Any CPU.ActiveCfg = Debug|Any CPU
		{5995284D-A996-45D4-8932-45968072AD31}.Debug|Any CPU.Build.0 = Debug|Any CPU
		{5995284D-A996-45D4-8932-45968072AD31}.Debug|x64.ActiveCfg = Debug|Any CPU
		{5995284D-A996-45D4-8932-45968072AD31}.Debug|x64.Build.0 = Debug|Any CPU
		{5995284D-A996-45D4-8932-45968072AD31}.Debug|x86.ActiveCfg = Debug|Any CPU
		{5995284D-A996-45D4-8932-45968072AD31}.Debug|x86.Build.0 = Debug|Any CPU
		{5995284D-A996-45D4-8932-45968072AD31}.Release|Any CPU.ActiveCfg = Release|Any CPU
		{5995284D-A996-45D4-8932-45968072AD31}.Release|Any CPU.Build.0 = Release|Any CPU
		{5995284D-A996-45D4-8932-45968072AD31}.Release|x64.ActiveCfg = Release|Any CPU
		{5995284D-A996-45D4-8932-45968072AD31}.Release|x64.Build.0 = Release|Any CPU
		{5995284D-A996-45D4-8932-45968072AD31}.Release|x86.ActiveCfg = Release|Any CPU
		{5995284D-A996-45D4-8932-45968072AD31}.Release|x86.Build.0 = Release|Any CPU
		{5F8EA7ED-EABA-47BD-A64A-E1B7BCAE86B6}.Debug|Any CPU.ActiveCfg = Debug|Any CPU
		{5F8EA7ED-EABA-47BD-A64A-E1B7BCAE86B6}.Debug|Any CPU.Build.0 = Debug|Any CPU
		{5F8EA7ED-EABA-47BD-A64A-E1B7BCAE86B6}.Debug|x64.ActiveCfg = Debug|Any CPU
		{5F8EA7ED-EABA-47BD-A64A-E1B7BCAE86B6}.Debug|x64.Build.0 = Debug|Any CPU
		{5F8EA7ED-EABA-47BD-A64A-E1B7BCAE86B6}.Debug|x86.ActiveCfg = Debug|Any CPU
		{5F8EA7ED-EABA-47BD-A64A-E1B7BCAE86B6}.Debug|x86.Build.0 = Debug|Any CPU
		{5F8EA7ED-EABA-47BD-A64A-E1B7BCAE86B6}.Release|Any CPU.ActiveCfg = Release|Any CPU
		{5F8EA7ED-EABA-47BD-A64A-E1B7BCAE86B6}.Release|Any CPU.Build.0 = Release|Any CPU
		{5F8EA7ED-EABA-47BD-A64A-E1B7BCAE86B6}.Release|x64.ActiveCfg = Release|Any CPU
		{5F8EA7ED-EABA-47BD-A64A-E1B7BCAE86B6}.Release|x64.Build.0 = Release|Any CPU
		{5F8EA7ED-EABA-47BD-A64A-E1B7BCAE86B6}.Release|x86.ActiveCfg = Release|Any CPU
		{5F8EA7ED-EABA-47BD-A64A-E1B7BCAE86B6}.Release|x86.Build.0 = Release|Any CPU
		{C70931C9-92C7-4296-BED1-C2DD1A75D92D}.Debug|Any CPU.ActiveCfg = Debug|Any CPU
		{C70931C9-92C7-4296-BED1-C2DD1A75D92D}.Debug|Any CPU.Build.0 = Debug|Any CPU
		{C70931C9-92C7-4296-BED1-C2DD1A75D92D}.Debug|x64.ActiveCfg = Debug|Any CPU
		{C70931C9-92C7-4296-BED1-C2DD1A75D92D}.Debug|x64.Build.0 = Debug|Any CPU
		{C70931C9-92C7-4296-BED1-C2DD1A75D92D}.Debug|x86.ActiveCfg = Debug|Any CPU
		{C70931C9-92C7-4296-BED1-C2DD1A75D92D}.Debug|x86.Build.0 = Debug|Any CPU
		{C70931C9-92C7-4296-BED1-C2DD1A75D92D}.Release|Any CPU.ActiveCfg = Release|Any CPU
		{C70931C9-92C7-4296-BED1-C2DD1A75D92D}.Release|Any CPU.Build.0 = Release|Any CPU
		{C70931C9-92C7-4296-BED1-C2DD1A75D92D}.Release|x64.ActiveCfg = Release|Any CPU
		{C70931C9-92C7-4296-BED1-C2DD1A75D92D}.Release|x64.Build.0 = Release|Any CPU
		{C70931C9-92C7-4296-BED1-C2DD1A75D92D}.Release|x86.ActiveCfg = Release|Any CPU
		{C70931C9-92C7-4296-BED1-C2DD1A75D92D}.Release|x86.Build.0 = Release|Any CPU
		{5CF34155-2B8B-4E17-95C9-FF60FD6565A5}.Debug|Any CPU.ActiveCfg = Debug|Any CPU
		{5CF34155-2B8B-4E17-95C9-FF60FD6565A5}.Debug|Any CPU.Build.0 = Debug|Any CPU
		{5CF34155-2B8B-4E17-95C9-FF60FD6565A5}.Debug|x64.ActiveCfg = Debug|Any CPU
		{5CF34155-2B8B-4E17-95C9-FF60FD6565A5}.Debug|x64.Build.0 = Debug|Any CPU
		{5CF34155-2B8B-4E17-95C9-FF60FD6565A5}.Debug|x86.ActiveCfg = Debug|Any CPU
		{5CF34155-2B8B-4E17-95C9-FF60FD6565A5}.Debug|x86.Build.0 = Debug|Any CPU
		{5CF34155-2B8B-4E17-95C9-FF60FD6565A5}.Release|Any CPU.ActiveCfg = Release|Any CPU
		{5CF34155-2B8B-4E17-95C9-FF60FD6565A5}.Release|Any CPU.Build.0 = Release|Any CPU
		{5CF34155-2B8B-4E17-95C9-FF60FD6565A5}.Release|x64.ActiveCfg = Release|Any CPU
		{5CF34155-2B8B-4E17-95C9-FF60FD6565A5}.Release|x64.Build.0 = Release|Any CPU
		{5CF34155-2B8B-4E17-95C9-FF60FD6565A5}.Release|x86.ActiveCfg = Release|Any CPU
		{5CF34155-2B8B-4E17-95C9-FF60FD6565A5}.Release|x86.Build.0 = Release|Any CPU
	EndGlobalSection
	GlobalSection(SolutionProperties) = preSolution
		HideSolutionNode = FALSE
	EndGlobalSection
EndGlobal
